
Microsoft Visual Studio Solution File, Format Version 12.00
Project("{2150E333-8FDC-42A3-9474-1A3956D46DE8}") = "src", "src", "{D208B019-D25B-4679-83BB-1685511CFC46}"
EndProject
Project("{FAE04EC0-301F-11D3-BF4B-00C04F79EFBC}") = "MyData.Core", "src\MyData.Core\MyData.Core.csproj", "{A579092D-41F4-4200-81DF-8B0CFA2A5E66}"
EndProject
Project("{FAE04EC0-301F-11D3-BF4B-00C04F79EFBC}") = "MyData.Infrastructure", "src\MyData.Infrastructure\MyData.Infrastructure.csproj", "{F134EA90-EC29-46C4-91D7-B732FBB57B2E}"
EndProject
Project("{FAE04EC0-301F-11D3-BF4B-00C04F79EFBC}") = "MyData.WebApi", "src\MyData.WebApi\MyData.WebApi.csproj", "{B84FB614-534D-4BED-A48D-41507BA0D314}"
EndProject
Project("{2150E333-8FDC-42A3-9474-1A3956D46DE8}") = "tests", "tests", "{AB8E5C1B-51D0-417B-94BF-54F532BE7D7D}"
EndProject
Project("{FAE04EC0-301F-11D3-BF4B-00C04F79EFBC}") = "MyData.WebApi.Tests", "tests\MyData.WebApi.Tests\MyData.WebApi.Tests.csproj", "{3CC8F8E7-18EA-4AC4-A704-6F8D68037749}"
EndProject
Global
	GlobalSection(SolutionConfigurationPlatforms) = preSolution
		Debug|Any CPU = Debug|Any CPU
		Release|Any CPU = Release|Any CPU
	EndGlobalSection
	GlobalSection(NestedProjects) = preSolution
		{A579092D-41F4-4200-81DF-8B0CFA2A5E66} = {D208B019-D25B-4679-83BB-1685511CFC46}
		{F134EA90-EC29-46C4-91D7-B732FBB57B2E} = {D208B019-D25B-4679-83BB-1685511CFC46}
		{B84FB614-534D-4BED-A48D-41507BA0D314} = {D208B019-D25B-4679-83BB-1685511CFC46}
		{3CC8F8E7-18EA-4AC4-A704-6F8D68037749} = {AB8E5C1B-51D0-417B-94BF-54F532BE7D7D}
	EndGlobalSection
	GlobalSection(ProjectConfigurationPlatforms) = postSolution
		{A579092D-41F4-4200-81DF-8B0CFA2A5E66}.Debug|Any CPU.ActiveCfg = Debug|Any CPU
		{A579092D-41F4-4200-81DF-8B0CFA2A5E66}.Debug|Any CPU.Build.0 = Debug|Any CPU
		{A579092D-41F4-4200-81DF-8B0CFA2A5E66}.Release|Any CPU.ActiveCfg = Release|Any CPU
		{A579092D-41F4-4200-81DF-8B0CFA2A5E66}.Release|Any CPU.Build.0 = Release|Any CPU
		{F134EA90-EC29-46C4-91D7-B732FBB57B2E}.Debug|Any CPU.ActiveCfg = Debug|Any CPU
		{F134EA90-EC29-46C4-91D7-B732FBB57B2E}.Debug|Any CPU.Build.0 = Debug|Any CPU
		{F134EA90-EC29-46C4-91D7-B732FBB57B2E}.Release|Any CPU.ActiveCfg = Release|Any CPU
		{F134EA90-EC29-46C4-91D7-B732FBB57B2E}.Release|Any CPU.Build.0 = Release|Any CPU
		{B84FB614-534D-4BED-A48D-41507BA0D314}.Debug|Any CPU.ActiveCfg = Debug|Any CPU
		{B84FB614-534D-4BED-A48D-41507BA0D314}.Debug|Any CPU.Build.0 = Debug|Any CPU
		{B84FB614-534D-4BED-A48D-41507BA0D314}.Release|Any CPU.ActiveCfg = Release|Any CPU
		{B84FB614-534D-4BED-A48D-41507BA0D314}.Release|Any CPU.Build.0 = Release|Any CPU
		{3CC8F8E7-18EA-4AC4-A704-6F8D68037749}.Debug|Any CPU.ActiveCfg = Debug|Any CPU
		{3CC8F8E7-18EA-4AC4-A704-6F8D68037749}.Debug|Any CPU.Build.0 = Debug|Any CPU
		{3CC8F8E7-18EA-4AC4-A704-6F8D68037749}.Release|Any CPU.ActiveCfg = Release|Any CPU
		{3CC8F8E7-18EA-4AC4-A704-6F8D68037749}.Release|Any CPU.Build.0 = Release|Any CPU
	EndGlobalSection
EndGlobal
